
Microsoft Visual Studio Solution File, Format Version 12.00
# Visual Studio 14
VisualStudioVersion = 14.0.25420.1
MinimumVisualStudioVersion = 10.0.40219.1
Project("{FAE04EC0-301F-11D3-BF4B-00C04F79EFBC}") = "2Iroutehandler", "Iroutehandler\2Iroutehandler.csproj", "{2241A224-4999-4425-BB11-000F05C2A304}"
EndProject
Project("{FAE04EC0-301F-11D3-BF4B-00C04F79EFBC}") = "3ControllerFactory", "ControllerFactory\3ControllerFactory.csproj", "{13FFE47C-7EC4-464E-8114-77D089BD8A26}"
EndProject
Project("{FAE04EC0-301F-11D3-BF4B-00C04F79EFBC}") = "4ActionInvoker", "4ActionInvoker\4ActionInvoker.csproj", "{35A2306A-A5A0-4782-9267-AE5D5169F6C4}"
EndProject
Project("{FAE04EC0-301F-11D3-BF4B-00C04F79EFBC}") = "Extensibility", "Extensibility\Extensibility\Extensibility.csproj", "{A454A212-BDEB-4976-8301-7122E60524C6}"
EndProject
Project("{FAE04EC0-301F-11D3-BF4B-00C04F79EFBC}") = "5_ActionMethodSelectorAttribute", "5_ActionMethodSelectorAttribute\5_ActionMethodSelectorAttribute.csproj", "{F844A3D9-1008-4C84-B29C-38433C672594}"
EndProject
Global
	GlobalSection(SolutionConfigurationPlatforms) = preSolution
		Debug|Any CPU = Debug|Any CPU
		Release|Any CPU = Release|Any CPU
	EndGlobalSection
	GlobalSection(ProjectConfigurationPlatforms) = postSolution
		{2241A224-4999-4425-BB11-000F05C2A304}.Debug|Any CPU.ActiveCfg = Debug|Any CPU
		{2241A224-4999-4425-BB11-000F05C2A304}.Debug|Any CPU.Build.0 = Debug|Any CPU
		{2241A224-4999-4425-BB11-000F05C2A304}.Release|Any CPU.ActiveCfg = Release|Any CPU
		{2241A224-4999-4425-BB11-000F05C2A304}.Release|Any CPU.Build.0 = Release|Any CPU
		{13FFE47C-7EC4-464E-8114-77D089BD8A26}.Debug|Any CPU.ActiveCfg = Debug|Any CPU
		{13FFE47C-7EC4-464E-8114-77D089BD8A26}.Debug|Any CPU.Build.0 = Debug|Any CPU
		{13FFE47C-7EC4-464E-8114-77D089BD8A26}.Release|Any CPU.ActiveCfg = Release|Any CPU
		{13FFE47C-7EC4-464E-8114-77D089BD8A26}.Release|Any CPU.Build.0 = Release|Any CPU
		{35A2306A-A5A0-4782-9267-AE5D5169F6C4}.Debug|Any CPU.ActiveCfg = Debug|Any CPU
		{35A2306A-A5A0-4782-9267-AE5D5169F6C4}.Debug|Any CPU.Build.0 = Debug|Any CPU
		{35A2306A-A5A0-4782-9267-AE5D5169F6C4}.Release|Any CPU.ActiveCfg = Release|Any CPU
		{35A2306A-A5A0-4782-9267-AE5D5169F6C4}.Release|Any CPU.Build.0 = Release|Any CPU
		{A454A212-BDEB-4976-8301-7122E60524C6}.Debug|Any CPU.ActiveCfg = Debug|Any CPU
		{A454A212-BDEB-4976-8301-7122E60524C6}.Debug|Any CPU.Build.0 = Debug|Any CPU
		{A454A212-BDEB-4976-8301-7122E60524C6}.Release|Any CPU.ActiveCfg = Release|Any CPU
		{A454A212-BDEB-4976-8301-7122E60524C6}.Release|Any CPU.Build.0 = Release|Any CPU
		{F844A3D9-1008-4C84-B29C-38433C672594}.Debug|Any CPU.ActiveCfg = Debug|Any CPU
		{F844A3D9-1008-4C84-B29C-38433C672594}.Debug|Any CPU.Build.0 = Debug|Any CPU
		{F844A3D9-1008-4C84-B29C-38433C672594}.Release|Any CPU.ActiveCfg = Release|Any CPU
		{F844A3D9-1008-4C84-B29C-38433C672594}.Release|Any CPU.Build.0 = Release|Any CPU
	EndGlobalSection
	GlobalSection(SolutionProperties) = preSolution
		HideSolutionNode = FALSE
	EndGlobalSection
	GlobalSection(ExtensibilityGlobals) = postSolution
		SolutionGuid = {EDA4B20F-DD48-40B2-A698-DFFCF5663DF6}
	EndGlobalSection
EndGlobal
